// !$*UTF8*$!
{
	archiveVersion = 1;
	classes = {
	};
	objectVersion = 55;
	objects = {

/* Begin PBXBuildFile section */
		CE3D75292792BCA1006A7AFD /* TextEditView.swift in Sources */ = {isa = PBXBuildFile; fileRef = CE3D75282792BCA1006A7AFD /* TextEditView.swift */; };
		CE75F8462793DBED00180C01 /* DayRecord.xcdatamodeld in Sources */ = {isa = PBXBuildFile; fileRef = CE75F8442793DBED00180C01 /* DayRecord.xcdatamodeld */; };
		CE75F8482793DD7800180C01 /* PersistanceController.swift in Sources */ = {isa = PBXBuildFile; fileRef = CE75F8472793DD7800180C01 /* PersistanceController.swift */; };
		CE75F85027940B1400180C01 /* ImagePicker.swift in Sources */ = {isa = PBXBuildFile; fileRef = CE75F84F27940B1400180C01 /* ImagePicker.swift */; };
		CE7EB3FB27984FED00C7A606 /* OrderView.swift in Sources */ = {isa = PBXBuildFile; fileRef = CE7EB3FA27984FED00C7A606 /* OrderView.swift */; };
		CEC132502796F58B00DC8BC7 /* ImageView.swift in Sources */ = {isa = PBXBuildFile; fileRef = CEC1324F2796F58B00DC8BC7 /* ImageView.swift */; };
		CEC37D8A2790F7F50039FD64 /* DayRecorderApp.swift in Sources */ = {isa = PBXBuildFile; fileRef = CEC37D892790F7F50039FD64 /* DayRecorderApp.swift */; };
		CEC37D8C2790F7F50039FD64 /* DayRecorderView.swift in Sources */ = {isa = PBXBuildFile; fileRef = CEC37D8B2790F7F50039FD64 /* DayRecorderView.swift */; };
		CEC37D8E2790F7F60039FD64 /* Assets.xcassets in Resources */ = {isa = PBXBuildFile; fileRef = CEC37D8D2790F7F60039FD64 /* Assets.xcassets */; };
		CEC37D982790F9C10039FD64 /* DayView.swift in Sources */ = {isa = PBXBuildFile; fileRef = CEC37D972790F9C10039FD64 /* DayView.swift */; };
		CEC37D9C2790F9E60039FD64 /* EditView.swift in Sources */ = {isa = PBXBuildFile; fileRef = CEC37D9B2790F9E60039FD64 /* EditView.swift */; };
		CECADC00279257F5009460B7 /* PhotoView.swift in Sources */ = {isa = PBXBuildFile; fileRef = CECADBFF279257F5009460B7 /* PhotoView.swift */; };
		CECADC0227926099009460B7 /* PhotoEditView.swift in Sources */ = {isa = PBXBuildFile; fileRef = CECADC0127926099009460B7 /* PhotoEditView.swift */; };
		CEE549E3279412F90023DE93 /* ImageViewer.swift in Sources */ = {isa = PBXBuildFile; fileRef = CEE549E2279412F90023DE93 /* ImageViewer.swift */; };
/* End PBXBuildFile section */

/* Begin PBXFileReference section */
		CE3D75282792BCA1006A7AFD /* TextEditView.swift */ = {isa = PBXFileReference; lastKnownFileType = sourcecode.swift; path = TextEditView.swift; sourceTree = "<group>"; };
		CE75F8452793DBED00180C01 /* DayRecord.xcdatamodel */ = {isa = PBXFileReference; lastKnownFileType = wrapper.xcdatamodel; path = DayRecord.xcdatamodel; sourceTree = "<group>"; };
		CE75F8472793DD7800180C01 /* PersistanceController.swift */ = {isa = PBXFileReference; lastKnownFileType = sourcecode.swift; path = PersistanceController.swift; sourceTree = "<group>"; };
		CE75F84F27940B1400180C01 /* ImagePicker.swift */ = {isa = PBXFileReference; lastKnownFileType = sourcecode.swift; path = ImagePicker.swift; sourceTree = "<group>"; };
		CE7EB3FA27984FED00C7A606 /* OrderView.swift */ = {isa = PBXFileReference; lastKnownFileType = sourcecode.swift; path = OrderView.swift; sourceTree = "<group>"; };
		CEC1324F2796F58B00DC8BC7 /* ImageView.swift */ = {isa = PBXFileReference; lastKnownFileType = sourcecode.swift; path = ImageView.swift; sourceTree = "<group>"; };
		CEC37D862790F7F50039FD64 /* DayRecorder.app */ = {isa = PBXFileReference; explicitFileType = wrapper.application; includeInIndex = 0; path = DayRecorder.app; sourceTree = BUILT_PRODUCTS_DIR; };
		CEC37D892790F7F50039FD64 /* DayRecorderApp.swift */ = {isa = PBXFileReference; lastKnownFileType = sourcecode.swift; path = DayRecorderApp.swift; sourceTree = "<group>"; };
		CEC37D8B2790F7F50039FD64 /* DayRecorderView.swift */ = {isa = PBXFileReference; lastKnownFileType = sourcecode.swift; path = DayRecorderView.swift; sourceTree = "<group>"; };
		CEC37D8D2790F7F60039FD64 /* Assets.xcassets */ = {isa = PBXFileReference; lastKnownFileType = folder.assetcatalog; path = Assets.xcassets; sourceTree = "<group>"; };
		CEC37D972790F9C10039FD64 /* DayView.swift */ = {isa = PBXFileReference; lastKnownFileType = sourcecode.swift; path = DayView.swift; sourceTree = "<group>"; };
		CEC37D9B2790F9E60039FD64 /* EditView.swift */ = {isa = PBXFileReference; lastKnownFileType = sourcecode.swift; path = EditView.swift; sourceTree = "<group>"; };
		CECADBFF279257F5009460B7 /* PhotoView.swift */ = {isa = PBXFileReference; lastKnownFileType = sourcecode.swift; path = PhotoView.swift; sourceTree = "<group>"; };
		CECADC0127926099009460B7 /* PhotoEditView.swift */ = {isa = PBXFileReference; lastKnownFileType = sourcecode.swift; path = PhotoEditView.swift; sourceTree = "<group>"; };
		CEE549E2279412F90023DE93 /* ImageViewer.swift */ = {isa = PBXFileReference; lastKnownFileType = sourcecode.swift; path = ImageViewer.swift; sourceTree = "<group>"; };
/* End PBXFileReference section */

/* Begin PBXFrameworksBuildPhase section */
		CEC37D832790F7F50039FD64 /* Frameworks */ = {
			isa = PBXFrameworksBuildPhase;
			buildActionMask = 2147483647;
			files = (
			);
			runOnlyForDeploymentPostprocessing = 0;
		};
/* End PBXFrameworksBuildPhase section */

/* Begin PBXGroup section */
		CE75F8432793DBD600180C01 /* Database */ = {
			isa = PBXGroup;
			children = (
				CE75F8442793DBED00180C01 /* DayRecord.xcdatamodeld */,
				CE75F8472793DD7800180C01 /* PersistanceController.swift */,
			);
			path = Database;
			sourceTree = "<group>";
		};
		CE7AD46A2792A9B000666EE5 /* Model */ = {
			isa = PBXGroup;
			children = (
				CEC37D892790F7F50039FD64 /* DayRecorderApp.swift */,
			);
			path = Model;
			sourceTree = "<group>";
		};
		CE7AD46B2792A9B400666EE5 /* View */ = {
			isa = PBXGroup;
			children = (
				CEC37D8B2790F7F50039FD64 /* DayRecorderView.swift */,
				CEC37D9B2790F9E60039FD64 /* EditView.swift */,
				CEC37D972790F9C10039FD64 /* DayView.swift */,
				CECADBFF279257F5009460B7 /* PhotoView.swift */,
				CECADC0127926099009460B7 /* PhotoEditView.swift */,
				CE3D75282792BCA1006A7AFD /* TextEditView.swift */,
				CE75F84F27940B1400180C01 /* ImagePicker.swift */,
				CEE549E2279412F90023DE93 /* ImageViewer.swift */,
				CEC1324F2796F58B00DC8BC7 /* ImageView.swift */,
				CE7EB3FA27984FED00C7A606 /* OrderView.swift */,
			);
			path = View;
			sourceTree = "<group>";
		};
		CE7AD46C2792A9D100666EE5 /* Asset */ = {
			isa = PBXGroup;
			children = (
				CEC37D8D2790F7F60039FD64 /* Assets.xcassets */,
			);
			path = Asset;
			sourceTree = "<group>";
		};
		CEC37D7D2790F7F50039FD64 = {
			isa = PBXGroup;
			children = (
				CEC37D882790F7F50039FD64 /* DayRecorder */,
				CEC37D872790F7F50039FD64 /* Products */,
			);
			sourceTree = "<group>";
		};
		CEC37D872790F7F50039FD64 /* Products */ = {
			isa = PBXGroup;
			children = (
				CEC37D862790F7F50039FD64 /* DayRecorder.app */,
			);
			name = Products;
			sourceTree = "<group>";
		};
		CEC37D882790F7F50039FD64 /* DayRecorder */ = {
			isa = PBXGroup;
			children = (
				CE75F8432793DBD600180C01 /* Database */,
				CE7AD46C2792A9D100666EE5 /* Asset */,
				CE7AD46B2792A9B400666EE5 /* View */,
				CE7AD46A2792A9B000666EE5 /* Model */,
			);
			path = DayRecorder;
			sourceTree = "<group>";
		};
/* End PBXGroup section */

/* Begin PBXNativeTarget section */
		CEC37D852790F7F50039FD64 /* DayRecorder */ = {
			isa = PBXNativeTarget;
			buildConfigurationList = CEC37D942790F7F60039FD64 /* Build configuration list for PBXNativeTarget "DayRecorder" */;
			buildPhases = (
				CEC37D822790F7F50039FD64 /* Sources */,
				CEC37D832790F7F50039FD64 /* Frameworks */,
				CEC37D842790F7F50039FD64 /* Resources */,
			);
			buildRules = (
			);
			dependencies = (
			);
			name = DayRecorder;
			productName = DayRecorder;
			productReference = CEC37D862790F7F50039FD64 /* DayRecorder.app */;
			productType = "com.apple.product-type.application";
		};
/* End PBXNativeTarget section */

/* Begin PBXProject section */
		CEC37D7E2790F7F50039FD64 /* Project object */ = {
			isa = PBXProject;
			attributes = {
				BuildIndependentTargetsInParallel = 1;
				LastSwiftUpdateCheck = 1320;
				LastUpgradeCheck = 1320;
				TargetAttributes = {
					CEC37D852790F7F50039FD64 = {
						CreatedOnToolsVersion = 13.2.1;
					};
				};
			};
			buildConfigurationList = CEC37D812790F7F50039FD64 /* Build configuration list for PBXProject "DayRecorder" */;
			compatibilityVersion = "Xcode 13.0";
			developmentRegion = en;
			hasScannedForEncodings = 0;
			knownRegions = (
				en,
				Base,
			);
			mainGroup = CEC37D7D2790F7F50039FD64;
			productRefGroup = CEC37D872790F7F50039FD64 /* Products */;
			projectDirPath = "";
			projectRoot = "";
			targets = (
				CEC37D852790F7F50039FD64 /* DayRecorder */,
			);
		};
/* End PBXProject section */

/* Begin PBXResourcesBuildPhase section */
		CEC37D842790F7F50039FD64 /* Resources */ = {
			isa = PBXResourcesBuildPhase;
			buildActionMask = 2147483647;
			files = (
				CEC37D8E2790F7F60039FD64 /* Assets.xcassets in Resources */,
			);
			runOnlyForDeploymentPostprocessing = 0;
		};
/* End PBXResourcesBuildPhase section */

/* Begin PBXSourcesBuildPhase section */
		CEC37D822790F7F50039FD64 /* Sources */ = {
			isa = PBXSourcesBuildPhase;
			buildActionMask = 2147483647;
			files = (
				CEC132502796F58B00DC8BC7 /* ImageView.swift in Sources */,
				CE7EB3FB27984FED00C7A606 /* OrderView.swift in Sources */,
				CEC37D8C2790F7F50039FD64 /* DayRecorderView.swift in Sources */,
				CE3D75292792BCA1006A7AFD /* TextEditView.swift in Sources */,
				CEC37D982790F9C10039FD64 /* DayView.swift in Sources */,
				CE75F8462793DBED00180C01 /* DayRecord.xcdatamodeld in Sources */,
				CE75F8482793DD7800180C01 /* PersistanceController.swift in Sources */,
				CEC37D9C2790F9E60039FD64 /* EditView.swift in Sources */,
				CECADC0227926099009460B7 /* PhotoEditView.swift in Sources */,
				CECADC00279257F5009460B7 /* PhotoView.swift in Sources */,
				CEE549E3279412F90023DE93 /* ImageViewer.swift in Sources */,
				CE75F85027940B1400180C01 /* ImagePicker.swift in Sources */,
				CEC37D8A2790F7F50039FD64 /* DayRecorderApp.swift in Sources */,
			);
			runOnlyForDeploymentPostprocessing = 0;
		};
/* End PBXSourcesBuildPhase section */

/* Begin XCBuildConfiguration section */
		CEC37D922790F7F60039FD64 /* Debug */ = {
			isa = XCBuildConfiguration;
			buildSettings = {
				ALWAYS_SEARCH_USER_PATHS = NO;
				CLANG_ANALYZER_NONNULL = YES;
				CLANG_ANALYZER_NUMBER_OBJECT_CONVERSION = YES_AGGRESSIVE;
				CLANG_CXX_LANGUAGE_STANDARD = "gnu++17";
				CLANG_CXX_LIBRARY = "libc++";
				CLANG_ENABLE_MODULES = YES;
				CLANG_ENABLE_OBJC_ARC = YES;
				CLANG_ENABLE_OBJC_WEAK = YES;
				CLANG_WARN_BLOCK_CAPTURE_AUTORELEASING = YES;
				CLANG_WARN_BOOL_CONVERSION = YES;
				CLANG_WARN_COMMA = YES;
				CLANG_WARN_CONSTANT_CONVERSION = YES;
				CLANG_WARN_DEPRECATED_OBJC_IMPLEMENTATIONS = YES;
				CLANG_WARN_DIRECT_OBJC_ISA_USAGE = YES_ERROR;
				CLANG_WARN_DOCUMENTATION_COMMENTS = YES;
				CLANG_WARN_EMPTY_BODY = YES;
				CLANG_WARN_ENUM_CONVERSION = YES;
				CLANG_WARN_INFINITE_RECURSION = YES;
				CLANG_WARN_INT_CONVERSION = YES;
				CLANG_WARN_NON_LITERAL_NULL_CONVERSION = YES;
				CLANG_WARN_OBJC_IMPLICIT_RETAIN_SELF = YES;
				CLANG_WARN_OBJC_LITERAL_CONVERSION = YES;
				CLANG_WARN_OBJC_ROOT_CLASS = YES_ERROR;
				CLANG_WARN_QUOTED_INCLUDE_IN_FRAMEWORK_HEADER = YES;
				CLANG_WARN_RANGE_LOOP_ANALYSIS = YES;
				CLANG_WARN_STRICT_PROTOTYPES = YES;
				CLANG_WARN_SUSPICIOUS_MOVE = YES;
				CLANG_WARN_UNGUARDED_AVAILABILITY = YES_AGGRESSIVE;
				CLANG_WARN_UNREACHABLE_CODE = YES;
				CLANG_WARN__DUPLICATE_METHOD_MATCH = YES;
				COPY_PHASE_STRIP = NO;
				DEBUG_INFORMATION_FORMAT = dwarf;
				ENABLE_STRICT_OBJC_MSGSEND = YES;
				ENABLE_TESTABILITY = YES;
				GCC_C_LANGUAGE_STANDARD = gnu11;
				GCC_DYNAMIC_NO_PIC = NO;
				GCC_NO_COMMON_BLOCKS = YES;
				GCC_OPTIMIZATION_LEVEL = 0;
				GCC_PREPROCESSOR_DEFINITIONS = (
					"DEBUG=1",
					"$(inherited)",
				);
				GCC_WARN_64_TO_32_BIT_CONVERSION = YES;
				GCC_WARN_ABOUT_RETURN_TYPE = YES_ERROR;
				GCC_WARN_UNDECLARED_SELECTOR = YES;
				GCC_WARN_UNINITIALIZED_AUTOS = YES_AGGRESSIVE;
				GCC_WARN_UNUSED_FUNCTION = YES;
				GCC_WARN_UNUSED_VARIABLE = YES;
				IPHONEOS_DEPLOYMENT_TARGET = 15.2;
				MTL_ENABLE_DEBUG_INFO = INCLUDE_SOURCE;
				MTL_FAST_MATH = YES;
				ONLY_ACTIVE_ARCH = YES;
				SDKROOT = iphoneos;
				SWIFT_ACTIVE_COMPILATION_CONDITIONS = DEBUG;
				SWIFT_OPTIMIZATION_LEVEL = "-Onone";
			};
			name = Debug;
		};
		CEC37D932790F7F60039FD64 /* Release */ = {
			isa = XCBuildConfiguration;
			buildSettings = {
				ALWAYS_SEARCH_USER_PATHS = NO;
				CLANG_ANALYZER_NONNULL = YES;
				CLANG_ANALYZER_NUMBER_OBJECT_CONVERSION = YES_AGGRESSIVE;
				CLANG_CXX_LANGUAGE_STANDARD = "gnu++17";
				CLANG_CXX_LIBRARY = "libc++";
				CLANG_ENABLE_MODULES = YES;
				CLANG_ENABLE_OBJC_ARC = YES;
				CLANG_ENABLE_OBJC_WEAK = YES;
				CLANG_WARN_BLOCK_CAPTURE_AUTORELEASING = YES;
				CLANG_WARN_BOOL_CONVERSION = YES;
				CLANG_WARN_COMMA = YES;
				CLANG_WARN_CONSTANT_CONVERSION = YES;
				CLANG_WARN_DEPRECATED_OBJC_IMPLEMENTATIONS = YES;
				CLANG_WARN_DIRECT_OBJC_ISA_USAGE = YES_ERROR;
				CLANG_WARN_DOCUMENTATION_COMMENTS = YES;
				CLANG_WARN_EMPTY_BODY = YES;
				CLANG_WARN_ENUM_CONVERSION = YES;
				CLANG_WARN_INFINITE_RECURSION = YES;
				CLANG_WARN_INT_CONVERSION = YES;
				CLANG_WARN_NON_LITERAL_NULL_CONVERSION = YES;
				CLANG_WARN_OBJC_IMPLICIT_RETAIN_SELF = YES;
				CLANG_WARN_OBJC_LITERAL_CONVERSION = YES;
				CLANG_WARN_OBJC_ROOT_CLASS = YES_ERROR;
				CLANG_WARN_QUOTED_INCLUDE_IN_FRAMEWORK_HEADER = YES;
				CLANG_WARN_RANGE_LOOP_ANALYSIS = YES;
				CLANG_WARN_STRICT_PROTOTYPES = YES;
				CLANG_WARN_SUSPICIOUS_MOVE = YES;
				CLANG_WARN_UNGUARDED_AVAILABILITY = YES_AGGRESSIVE;
				CLANG_WARN_UNREACHABLE_CODE = YES;
				CLANG_WARN__DUPLICATE_METHOD_MATCH = YES;
				COPY_PHASE_STRIP = NO;
				DEBUG_INFORMATION_FORMAT = "dwarf-with-dsym";
				ENABLE_NS_ASSERTIONS = NO;
				ENABLE_STRICT_OBJC_MSGSEND = YES;
				GCC_C_LANGUAGE_STANDARD = gnu11;
				GCC_NO_COMMON_BLOCKS = YES;
				GCC_WARN_64_TO_32_BIT_CONVERSION = YES;
				GCC_WARN_ABOUT_RETURN_TYPE = YES_ERROR;
				GCC_WARN_UNDECLARED_SELECTOR = YES;
				GCC_WARN_UNINITIALIZED_AUTOS = YES_AGGRESSIVE;
				GCC_WARN_UNUSED_FUNCTION = YES;
				GCC_WARN_UNUSED_VARIABLE = YES;
				IPHONEOS_DEPLOYMENT_TARGET = 15.2;
				MTL_ENABLE_DEBUG_INFO = NO;
				MTL_FAST_MATH = YES;
				SDKROOT = iphoneos;
				SWIFT_COMPILATION_MODE = wholemodule;
				SWIFT_OPTIMIZATION_LEVEL = "-O";
				VALIDATE_PRODUCT = YES;
			};
			name = Release;
		};
		CEC37D952790F7F60039FD64 /* Debug */ = {
			isa = XCBuildConfiguration;
			buildSettings = {
				ASSETCATALOG_COMPILER_APPICON_NAME = AppIcon;
				ASSETCATALOG_COMPILER_GLOBAL_ACCENT_COLOR_NAME = AccentColor;
				CODE_SIGN_STYLE = Automatic;
				CURRENT_PROJECT_VERSION = 1;
				DEVELOPMENT_ASSET_PATHS = "";
				DEVELOPMENT_TEAM = W3X59LF8AU;
				ENABLE_PREVIEWS = YES;
				GENERATE_INFOPLIST_FILE = YES;
				INFOPLIST_FILE = DayRecorder/Info.plist;
				INFOPLIST_KEY_LSApplicationCategoryType = "";
				INFOPLIST_KEY_NSCameraUsageDescription = "사진 촬영을 위한 카메라 사용 권한을 요청합니다.";
				INFOPLIST_KEY_NSPhotoLibraryUsageDescription = "사진 첨부를 위한 앨범 사용 권한을 요청합니다.";
				INFOPLIST_KEY_UIApplicationSceneManifest_Generation = YES;
				INFOPLIST_KEY_UIApplicationSupportsIndirectInputEvents = YES;
				INFOPLIST_KEY_UILaunchScreen_Generation = YES;
				INFOPLIST_KEY_UISupportedInterfaceOrientations_iPad = "UIInterfaceOrientationPortrait UIInterfaceOrientationPortraitUpsideDown UIInterfaceOrientationLandscapeLeft UIInterfaceOrientationLandscapeRight";
				INFOPLIST_KEY_UISupportedInterfaceOrientations_iPhone = "UIInterfaceOrientationPortrait UIInterfaceOrientationLandscapeLeft UIInterfaceOrientationLandscapeRight";
				IPHONEOS_DEPLOYMENT_TARGET = 15.0;
				LD_RUNPATH_SEARCH_PATHS = (
					"$(inherited)",
					"@executable_path/Frameworks",
				);
				MARKETING_VERSION = 1.0;
				PRODUCT_BUNDLE_IDENTIFIER = com.jaecheol.DayRecorder;
				PRODUCT_NAME = "$(TARGET_NAME)";
				SWIFT_EMIT_LOC_STRINGS = YES;
				SWIFT_VERSION = 5.0;
				TARGETED_DEVICE_FAMILY = 1;
			};
			name = Debug;
		};
		CEC37D962790F7F60039FD64 /* Release */ = {
			isa = XCBuildConfiguration;
			buildSettings = {
				ASSETCATALOG_COMPILER_APPICON_NAME = AppIcon;
				ASSETCATALOG_COMPILER_GLOBAL_ACCENT_COLOR_NAME = AccentColor;
				CODE_SIGN_STYLE = Automatic;
				CURRENT_PROJECT_VERSION = 1;
				DEVELOPMENT_ASSET_PATHS = "";
				DEVELOPMENT_TEAM = W3X59LF8AU;
				ENABLE_PREVIEWS = YES;
				GENERATE_INFOPLIST_FILE = YES;
				INFOPLIST_FILE = DayRecorder/Info.plist;
				INFOPLIST_KEY_LSApplicationCategoryType = "";
				INFOPLIST_KEY_NSCameraUsageDescription = "사진 촬영을 위한 카메라 사용 권한을 요청합니다.";
				INFOPLIST_KEY_NSPhotoLibraryUsageDescription = "사진 첨부를 위한 앨범 사용 권한을 요청합니다.";
				INFOPLIST_KEY_UIApplicationSceneManifest_Generation = YES;
				INFOPLIST_KEY_UIApplicationSupportsIndirectInputEvents = YES;
				INFOPLIST_KEY_UILaunchScreen_Generation = YES;
				INFOPLIST_KEY_UISupportedInterfaceOrientations_iPad = "UIInterfaceOrientationPortrait UIInterfaceOrientationPortraitUpsideDown UIInterfaceOrientationLandscapeLeft UIInterfaceOrientationLandscapeRight";
				INFOPLIST_KEY_UISupportedInterfaceOrientations_iPhone = "UIInterfaceOrientationPortrait UIInterfaceOrientationLandscapeLeft UIInterfaceOrientationLandscapeRight";
				IPHONEOS_DEPLOYMENT_TARGET = 15.0;
				LD_RUNPATH_SEARCH_PATHS = (
					"$(inherited)",
					"@executable_path/Frameworks",
				);
				MARKETING_VERSION = 1.0;
				PRODUCT_BUNDLE_IDENTIFIER = com.jaecheol.DayRecorder;
				PRODUCT_NAME = "$(TARGET_NAME)";
				SWIFT_EMIT_LOC_STRINGS = YES;
				SWIFT_VERSION = 5.0;
				TARGETED_DEVICE_FAMILY = 1;
			};
			name = Release;
		};
/* End XCBuildConfiguration section */

/* Begin XCConfigurationList section */
		CEC37D812790F7F50039FD64 /* Build configuration list for PBXProject "DayRecorder" */ = {
			isa = XCConfigurationList;
			buildConfigurations = (
				CEC37D922790F7F60039FD64 /* Debug */,
				CEC37D932790F7F60039FD64 /* Release */,
			);
			defaultConfigurationIsVisible = 0;
			defaultConfigurationName = Release;
		};
		CEC37D942790F7F60039FD64 /* Build configuration list for PBXNativeTarget "DayRecorder" */ = {
			isa = XCConfigurationList;
			buildConfigurations = (
				CEC37D952790F7F60039FD64 /* Debug */,
				CEC37D962790F7F60039FD64 /* Release */,
			);
			defaultConfigurationIsVisible = 0;
			defaultConfigurationName = Release;
		};
/* End XCConfigurationList section */

/* Begin XCVersionGroup section */
		CE75F8442793DBED00180C01 /* DayRecord.xcdatamodeld */ = {
			isa = XCVersionGroup;
			children = (
				CE75F8452793DBED00180C01 /* DayRecord.xcdatamodel */,
			);
			currentVersion = CE75F8452793DBED00180C01 /* DayRecord.xcdatamodel */;
			path = DayRecord.xcdatamodeld;
			sourceTree = "<group>";
			versionGroupType = wrapper.xcdatamodel;
		};
/* End XCVersionGroup section */
	};
	rootObject = CEC37D7E2790F7F50039FD64 /* Project object */;
}
